// !$*UTF8*$!
{
	archiveVersion = 1;
	classes = {
	};
	objectVersion = 48;
	objects = {

/* Begin PBXBuildFile section */
		3F01E93DD55E381A25FEAAC7 /* Pods_ClimaX.framework in Frameworks */ = {isa = PBXBuildFile; fileRef = DFD37EBABA67A91B3E5C2E47 /* Pods_ClimaX.framework */; };
		EC1B4E86201E1A810003C410 /* GoogleService-Info.plist in Resources */ = {isa = PBXBuildFile; fileRef = EC1B4E85201E1A810003C410 /* GoogleService-Info.plist */; };
		EC1B4E8B201E1CBC0003C410 /* Login.swift in Sources */ = {isa = PBXBuildFile; fileRef = EC1B4E8A201E1CBC0003C410 /* Login.swift */; };
		EC1B4E8D201E257D0003C410 /* SignUp.swift in Sources */ = {isa = PBXBuildFile; fileRef = EC1B4E8C201E257D0003C410 /* SignUp.swift */; };
		EC75A9B7201DF84100F26204 /* AppDelegate.swift in Sources */ = {isa = PBXBuildFile; fileRef = EC75A9B6201DF84100F26204 /* AppDelegate.swift */; };
		EC75A9BC201DF84100F26204 /* Main.storyboard in Resources */ = {isa = PBXBuildFile; fileRef = EC75A9BA201DF84100F26204 /* Main.storyboard */; };
		EC75A9BF201DF84100F26204 /* ClimaX.xcdatamodeld in Sources */ = {isa = PBXBuildFile; fileRef = EC75A9BD201DF84100F26204 /* ClimaX.xcdatamodeld */; };
		EC75A9C1201DF84100F26204 /* Assets.xcassets in Resources */ = {isa = PBXBuildFile; fileRef = EC75A9C0201DF84100F26204 /* Assets.xcassets */; };
		EC75A9C4201DF84100F26204 /* LaunchScreen.storyboard in Resources */ = {isa = PBXBuildFile; fileRef = EC75A9C2201DF84100F26204 /* LaunchScreen.storyboard */; };
		ECAEAD05201E42700031F4D4 /* Base64.swift in Sources */ = {isa = PBXBuildFile; fileRef = ECAEAD03201E42700031F4D4 /* Base64.swift */; };
		ECAEAD06201E42700031F4D4 /* FirebaseUtil.swift in Sources */ = {isa = PBXBuildFile; fileRef = ECAEAD04201E42700031F4D4 /* FirebaseUtil.swift */; };
		ECAEAD08201E4A0A0031F4D4 /* Clima.swift in Sources */ = {isa = PBXBuildFile; fileRef = ECAEAD07201E4A0A0031F4D4 /* Clima.swift */; };
		ECAEAD0A201E4A160031F4D4 /* Mapa.swift in Sources */ = {isa = PBXBuildFile; fileRef = ECAEAD09201E4A160031F4D4 /* Mapa.swift */; };
		ECAEAD0C201E4A2A0031F4D4 /* Grafico.swift in Sources */ = {isa = PBXBuildFile; fileRef = ECAEAD0B201E4A2A0031F4D4 /* Grafico.swift */; };
		ECCA34512024E2ED00070347 /* Previsao.swift in Sources */ = {isa = PBXBuildFile; fileRef = ECCA344F2024E2ED00070347 /* Previsao.swift */; };
		ECCA34522024E2ED00070347 /* Previsao.xib in Resources */ = {isa = PBXBuildFile; fileRef = ECCA34502024E2ED00070347 /* Previsao.xib */; };
		ECCA34542024E68D00070347 /* Tempo.swift in Sources */ = {isa = PBXBuildFile; fileRef = ECCA34532024E68D00070347 /* Tempo.swift */; };
		ECCA34562024EACE00070347 /* Enums.swift in Sources */ = {isa = PBXBuildFile; fileRef = ECCA34552024EACE00070347 /* Enums.swift */; };
/* End PBXBuildFile section */

/* Begin PBXFileReference section */
		8D84EEC600CF0DB03D973446 /* Pods-ClimaX.release.xcconfig */ = {isa = PBXFileReference; includeInIndex = 1; lastKnownFileType = text.xcconfig; name = "Pods-ClimaX.release.xcconfig"; path = "Pods/Target Support Files/Pods-ClimaX/Pods-ClimaX.release.xcconfig"; sourceTree = "<group>"; };
		C296D2632397210B3757C889 /* Pods-ClimaX.debug.xcconfig */ = {isa = PBXFileReference; includeInIndex = 1; lastKnownFileType = text.xcconfig; name = "Pods-ClimaX.debug.xcconfig"; path = "Pods/Target Support Files/Pods-ClimaX/Pods-ClimaX.debug.xcconfig"; sourceTree = "<group>"; };
		DFD37EBABA67A91B3E5C2E47 /* Pods_ClimaX.framework */ = {isa = PBXFileReference; explicitFileType = wrapper.framework; includeInIndex = 0; path = Pods_ClimaX.framework; sourceTree = BUILT_PRODUCTS_DIR; };
		EC1B4E85201E1A810003C410 /* GoogleService-Info.plist */ = {isa = PBXFileReference; fileEncoding = 4; lastKnownFileType = text.plist.xml; path = "GoogleService-Info.plist"; sourceTree = SOURCE_ROOT; };
		EC1B4E8A201E1CBC0003C410 /* Login.swift */ = {isa = PBXFileReference; fileEncoding = 4; lastKnownFileType = sourcecode.swift; path = Login.swift; sourceTree = "<group>"; };
		EC1B4E8C201E257D0003C410 /* SignUp.swift */ = {isa = PBXFileReference; lastKnownFileType = sourcecode.swift; path = SignUp.swift; sourceTree = "<group>"; };
		EC75A9B3201DF84100F26204 /* ClimaX.app */ = {isa = PBXFileReference; explicitFileType = wrapper.application; includeInIndex = 0; path = ClimaX.app; sourceTree = BUILT_PRODUCTS_DIR; };
		EC75A9B6201DF84100F26204 /* AppDelegate.swift */ = {isa = PBXFileReference; lastKnownFileType = sourcecode.swift; path = AppDelegate.swift; sourceTree = "<group>"; };
		EC75A9BB201DF84100F26204 /* Base */ = {isa = PBXFileReference; lastKnownFileType = file.storyboard; name = Base; path = Base.lproj/Main.storyboard; sourceTree = "<group>"; };
		EC75A9BE201DF84100F26204 /* ClimaX.xcdatamodel */ = {isa = PBXFileReference; lastKnownFileType = wrapper.xcdatamodel; path = ClimaX.xcdatamodel; sourceTree = "<group>"; };
		EC75A9C0201DF84100F26204 /* Assets.xcassets */ = {isa = PBXFileReference; lastKnownFileType = folder.assetcatalog; path = Assets.xcassets; sourceTree = "<group>"; };
		EC75A9C3201DF84100F26204 /* Base */ = {isa = PBXFileReference; lastKnownFileType = file.storyboard; name = Base; path = Base.lproj/LaunchScreen.storyboard; sourceTree = "<group>"; };
		EC75A9C5201DF84100F26204 /* Info.plist */ = {isa = PBXFileReference; lastKnownFileType = text.plist.xml; path = Info.plist; sourceTree = "<group>"; };
		ECAEAD03201E42700031F4D4 /* Base64.swift */ = {isa = PBXFileReference; fileEncoding = 4; lastKnownFileType = sourcecode.swift; path = Base64.swift; sourceTree = "<group>"; };
		ECAEAD04201E42700031F4D4 /* FirebaseUtil.swift */ = {isa = PBXFileReference; fileEncoding = 4; lastKnownFileType = sourcecode.swift; path = FirebaseUtil.swift; sourceTree = "<group>"; };
		ECAEAD07201E4A0A0031F4D4 /* Clima.swift */ = {isa = PBXFileReference; lastKnownFileType = sourcecode.swift; path = Clima.swift; sourceTree = "<group>"; };
		ECAEAD09201E4A160031F4D4 /* Mapa.swift */ = {isa = PBXFileReference; lastKnownFileType = sourcecode.swift; path = Mapa.swift; sourceTree = "<group>"; };
		ECAEAD0B201E4A2A0031F4D4 /* Grafico.swift */ = {isa = PBXFileReference; lastKnownFileType = sourcecode.swift; path = Grafico.swift; sourceTree = "<group>"; };
		ECCA344F2024E2ED00070347 /* Previsao.swift */ = {isa = PBXFileReference; lastKnownFileType = sourcecode.swift; path = Previsao.swift; sourceTree = "<group>"; };
		ECCA34502024E2ED00070347 /* Previsao.xib */ = {isa = PBXFileReference; lastKnownFileType = file.xib; path = Previsao.xib; sourceTree = "<group>"; };
		ECCA34532024E68D00070347 /* Tempo.swift */ = {isa = PBXFileReference; lastKnownFileType = sourcecode.swift; path = Tempo.swift; sourceTree = "<group>"; };
		ECCA34552024EACE00070347 /* Enums.swift */ = {isa = PBXFileReference; lastKnownFileType = sourcecode.swift; path = Enums.swift; sourceTree = "<group>"; };
/* End PBXFileReference section */

/* Begin PBXFrameworksBuildPhase section */
		EC75A9B0201DF84100F26204 /* Frameworks */ = {
			isa = PBXFrameworksBuildPhase;
			buildActionMask = 2147483647;
			files = (
				3F01E93DD55E381A25FEAAC7 /* Pods_ClimaX.framework in Frameworks */,
			);
			runOnlyForDeploymentPostprocessing = 0;
		};
/* End PBXFrameworksBuildPhase section */

/* Begin PBXGroup section */
		B1486CE795B5545A367B57D3 /* Pods */ = {
			isa = PBXGroup;
			children = (
				C296D2632397210B3757C889 /* Pods-ClimaX.debug.xcconfig */,
				8D84EEC600CF0DB03D973446 /* Pods-ClimaX.release.xcconfig */,
			);
			name = Pods;
			sourceTree = "<group>";
		};
		CE56E2C93A6102E556F837E1 /* Frameworks */ = {
			isa = PBXGroup;
			children = (
				DFD37EBABA67A91B3E5C2E47 /* Pods_ClimaX.framework */,
			);
			name = Frameworks;
			sourceTree = "<group>";
		};
		EC1B4E87201E1C3A0003C410 /* Models */ = {
			isa = PBXGroup;
			children = (
				ECCA34532024E68D00070347 /* Tempo.swift */,
			);
			path = Models;
			sourceTree = "<group>";
		};
		EC1B4E88201E1C450003C410 /* Controllers */ = {
			isa = PBXGroup;
			children = (
				EC1B4E8A201E1CBC0003C410 /* Login.swift */,
				EC1B4E8C201E257D0003C410 /* SignUp.swift */,
				ECAEAD07201E4A0A0031F4D4 /* Clima.swift */,
				ECAEAD09201E4A160031F4D4 /* Mapa.swift */,
				ECAEAD0B201E4A2A0031F4D4 /* Grafico.swift */,
				ECCA344F2024E2ED00070347 /* Previsao.swift */,
			);
			path = Controllers;
			sourceTree = "<group>";
		};
		EC1B4E89201E1C840003C410 /* Utils */ = {
			isa = PBXGroup;
			children = (
				ECAEAD03201E42700031F4D4 /* Base64.swift */,
				ECAEAD04201E42700031F4D4 /* FirebaseUtil.swift */,
				ECCA34552024EACE00070347 /* Enums.swift */,
			);
			path = Utils;
			sourceTree = "<group>";
		};
		EC75A9AA201DF84100F26204 = {
			isa = PBXGroup;
			children = (
				EC75A9B5201DF84100F26204 /* ClimaX */,
				EC75A9B4201DF84100F26204 /* Products */,
				B1486CE795B5545A367B57D3 /* Pods */,
				CE56E2C93A6102E556F837E1 /* Frameworks */,
			);
			sourceTree = "<group>";
		};
		EC75A9B4201DF84100F26204 /* Products */ = {
			isa = PBXGroup;
			children = (
				EC75A9B3201DF84100F26204 /* ClimaX.app */,
			);
			name = Products;
			sourceTree = "<group>";
		};
		EC75A9B5201DF84100F26204 /* ClimaX */ = {
			isa = PBXGroup;
			children = (
				EC75A9B6201DF84100F26204 /* AppDelegate.swift */,
				EC1B4E85201E1A810003C410 /* GoogleService-Info.plist */,
				EC75A9C5201DF84100F26204 /* Info.plist */,
				EC1B4E89201E1C840003C410 /* Utils */,
				EC1B4E88201E1C450003C410 /* Controllers */,
				EC1B4E87201E1C3A0003C410 /* Models */,
				ECCA344E2024E2AC00070347 /* Storyboards */,
				EC75A9C0201DF84100F26204 /* Assets.xcassets */,
				EC75A9BD201DF84100F26204 /* ClimaX.xcdatamodeld */,
			);
			path = ClimaX;
			sourceTree = "<group>";
		};
		ECCA344E2024E2AC00070347 /* Storyboards */ = {
			isa = PBXGroup;
			children = (
				ECCA34502024E2ED00070347 /* Previsao.xib */,
				EC75A9C2201DF84100F26204 /* LaunchScreen.storyboard */,
				EC75A9BA201DF84100F26204 /* Main.storyboard */,
			);
			path = Storyboards;
			sourceTree = "<group>";
		};
/* End PBXGroup section */

/* Begin PBXNativeTarget section */
		EC75A9B2201DF84100F26204 /* ClimaX */ = {
			isa = PBXNativeTarget;
			buildConfigurationList = EC75A9C8201DF84100F26204 /* Build configuration list for PBXNativeTarget "ClimaX" */;
			buildPhases = (
				F844831AB8E94EE7A4827B18 /* [CP] Check Pods Manifest.lock */,
				EC75A9AF201DF84100F26204 /* Sources */,
				EC75A9B0201DF84100F26204 /* Frameworks */,
				EC75A9B1201DF84100F26204 /* Resources */,
				78A786952BA27CB481FEB7A7 /* [CP] Embed Pods Frameworks */,
				0826895040077F08268981BF /* [CP] Copy Pods Resources */,
			);
			buildRules = (
			);
			dependencies = (
			);
			name = ClimaX;
			productName = ClimaX;
			productReference = EC75A9B3201DF84100F26204 /* ClimaX.app */;
			productType = "com.apple.product-type.application";
		};
/* End PBXNativeTarget section */

/* Begin PBXProject section */
		EC75A9AB201DF84100F26204 /* Project object */ = {
			isa = PBXProject;
			attributes = {
				LastSwiftUpdateCheck = 0920;
				LastUpgradeCheck = 0920;
				ORGANIZATIONNAME = "Bruno Lopes de Mello";
				TargetAttributes = {
					EC75A9B2201DF84100F26204 = {
						CreatedOnToolsVersion = 9.2;
						ProvisioningStyle = Automatic;
					};
				};
			};
			buildConfigurationList = EC75A9AE201DF84100F26204 /* Build configuration list for PBXProject "ClimaX" */;
			compatibilityVersion = "Xcode 8.0";
			developmentRegion = en;
			hasScannedForEncodings = 0;
			knownRegions = (
				en,
				Base,
			);
			mainGroup = EC75A9AA201DF84100F26204;
			productRefGroup = EC75A9B4201DF84100F26204 /* Products */;
			projectDirPath = "";
			projectRoot = "";
			targets = (
				EC75A9B2201DF84100F26204 /* ClimaX */,
			);
		};
/* End PBXProject section */

/* Begin PBXResourcesBuildPhase section */
		EC75A9B1201DF84100F26204 /* Resources */ = {
			isa = PBXResourcesBuildPhase;
			buildActionMask = 2147483647;
			files = (
				EC75A9C4201DF84100F26204 /* LaunchScreen.storyboard in Resources */,
				ECCA34522024E2ED00070347 /* Previsao.xib in Resources */,
				EC1B4E86201E1A810003C410 /* GoogleService-Info.plist in Resources */,
				EC75A9C1201DF84100F26204 /* Assets.xcassets in Resources */,
				EC75A9BC201DF84100F26204 /* Main.storyboard in Resources */,
			);
			runOnlyForDeploymentPostprocessing = 0;
		};
/* End PBXResourcesBuildPhase section */

/* Begin PBXShellScriptBuildPhase section */
		0826895040077F08268981BF /* [CP] Copy Pods Resources */ = {
			isa = PBXShellScriptBuildPhase;
			buildActionMask = 2147483647;
			files = (
			);
			inputPaths = (
				"${SRCROOT}/Pods/Target Support Files/Pods-ClimaX/Pods-ClimaX-resources.sh",
				"${PODS_ROOT}/GoogleMaps/Maps/Frameworks/GoogleMaps.framework/Resources/GoogleMaps.bundle",
				"${PODS_ROOT}/GooglePlaces/Frameworks/GooglePlaces.framework/Resources/GooglePlaces.bundle",
			);
			name = "[CP] Copy Pods Resources";
			outputPaths = (
				"${TARGET_BUILD_DIR}/${UNLOCALIZED_RESOURCES_FOLDER_PATH}",
			);
			runOnlyForDeploymentPostprocessing = 0;
			shellPath = /bin/sh;
			shellScript = "\"${SRCROOT}/Pods/Target Support Files/Pods-ClimaX/Pods-ClimaX-resources.sh\"\n";
			showEnvVarsInLog = 0;
		};
		78A786952BA27CB481FEB7A7 /* [CP] Embed Pods Frameworks */ = {
			isa = PBXShellScriptBuildPhase;
			buildActionMask = 2147483647;
			files = (
			);
			inputPaths = (
				"${SRCROOT}/Pods/Target Support Files/Pods-ClimaX/Pods-ClimaX-frameworks.sh",
				"${BUILT_PRODUCTS_DIR}/Alamofire/Alamofire.framework",
				"${BUILT_PRODUCTS_DIR}/GTMSessionFetcher/GTMSessionFetcher.framework",
				"${BUILT_PRODUCTS_DIR}/GoogleToolboxForMac/GoogleToolboxForMac.framework",
				"${BUILT_PRODUCTS_DIR}/RxSwift/RxSwift.framework",
				"${BUILT_PRODUCTS_DIR}/SDWebImage/SDWebImage.framework",
				"${BUILT_PRODUCTS_DIR}/SVProgressHUD/SVProgressHUD.framework",
				"${BUILT_PRODUCTS_DIR}/SwiftyJSON/SwiftyJSON.framework",
				"${BUILT_PRODUCTS_DIR}/leveldb-library/leveldb.framework",
				"${BUILT_PRODUCTS_DIR}/nanopb/nanopb.framework",
			);
			name = "[CP] Embed Pods Frameworks";
			outputPaths = (
				"${TARGET_BUILD_DIR}/${FRAMEWORKS_FOLDER_PATH}/Alamofire.framework",
				"${TARGET_BUILD_DIR}/${FRAMEWORKS_FOLDER_PATH}/GTMSessionFetcher.framework",
				"${TARGET_BUILD_DIR}/${FRAMEWORKS_FOLDER_PATH}/GoogleToolboxForMac.framework",
				"${TARGET_BUILD_DIR}/${FRAMEWORKS_FOLDER_PATH}/RxSwift.framework",
				"${TARGET_BUILD_DIR}/${FRAMEWORKS_FOLDER_PATH}/SDWebImage.framework",
				"${TARGET_BUILD_DIR}/${FRAMEWORKS_FOLDER_PATH}/SVProgressHUD.framework",
				"${TARGET_BUILD_DIR}/${FRAMEWORKS_FOLDER_PATH}/SwiftyJSON.framework",
				"${TARGET_BUILD_DIR}/${FRAMEWORKS_FOLDER_PATH}/leveldb.framework",
				"${TARGET_BUILD_DIR}/${FRAMEWORKS_FOLDER_PATH}/nanopb.framework",
			);
			runOnlyForDeploymentPostprocessing = 0;
			shellPath = /bin/sh;
			shellScript = "\"${SRCROOT}/Pods/Target Support Files/Pods-ClimaX/Pods-ClimaX-frameworks.sh\"\n";
			showEnvVarsInLog = 0;
		};
		F844831AB8E94EE7A4827B18 /* [CP] Check Pods Manifest.lock */ = {
			isa = PBXShellScriptBuildPhase;
			buildActionMask = 2147483647;
			files = (
			);
			inputPaths = (
				"${PODS_PODFILE_DIR_PATH}/Podfile.lock",
				"${PODS_ROOT}/Manifest.lock",
			);
			name = "[CP] Check Pods Manifest.lock";
			outputPaths = (
				"$(DERIVED_FILE_DIR)/Pods-ClimaX-checkManifestLockResult.txt",
			);
			runOnlyForDeploymentPostprocessing = 0;
			shellPath = /bin/sh;
			shellScript = "diff \"${PODS_PODFILE_DIR_PATH}/Podfile.lock\" \"${PODS_ROOT}/Manifest.lock\" > /dev/null\nif [ $? != 0 ] ; then\n    # print error to STDERR\n    echo \"error: The sandbox is not in sync with the Podfile.lock. Run 'pod install' or update your CocoaPods installation.\" >&2\n    exit 1\nfi\n# This output is used by Xcode 'outputs' to avoid re-running this script phase.\necho \"SUCCESS\" > \"${SCRIPT_OUTPUT_FILE_0}\"\n";
			showEnvVarsInLog = 0;
		};
/* End PBXShellScriptBuildPhase section */

/* Begin PBXSourcesBuildPhase section */
		EC75A9AF201DF84100F26204 /* Sources */ = {
			isa = PBXSourcesBuildPhase;
			buildActionMask = 2147483647;
			files = (
				EC1B4E8B201E1CBC0003C410 /* Login.swift in Sources */,
				EC1B4E8D201E257D0003C410 /* SignUp.swift in Sources */,
				EC75A9BF201DF84100F26204 /* ClimaX.xcdatamodeld in Sources */,
				ECAEAD05201E42700031F4D4 /* Base64.swift in Sources */,
				ECAEAD0C201E4A2A0031F4D4 /* Grafico.swift in Sources */,
				ECCA34542024E68D00070347 /* Tempo.swift in Sources */,
				ECAEAD0A201E4A160031F4D4 /* Mapa.swift in Sources */,
				ECAEAD06201E42700031F4D4 /* FirebaseUtil.swift in Sources */,
				ECAEAD08201E4A0A0031F4D4 /* Clima.swift in Sources */,
				ECCA34512024E2ED00070347 /* Previsao.swift in Sources */,
				ECCA34562024EACE00070347 /* Enums.swift in Sources */,
				EC75A9B7201DF84100F26204 /* AppDelegate.swift in Sources */,
			);
			runOnlyForDeploymentPostprocessing = 0;
		};
/* End PBXSourcesBuildPhase section */

/* Begin PBXVariantGroup section */
		EC75A9BA201DF84100F26204 /* Main.storyboard */ = {
			isa = PBXVariantGroup;
			children = (
				EC75A9BB201DF84100F26204 /* Base */,
			);
			name = Main.storyboard;
			sourceTree = "<group>";
		};
		EC75A9C2201DF84100F26204 /* LaunchScreen.storyboard */ = {
			isa = PBXVariantGroup;
			children = (
				EC75A9C3201DF84100F26204 /* Base */,
			);
			name = LaunchScreen.storyboard;
			sourceTree = "<group>";
		};
/* End PBXVariantGroup section */

/* Begin XCBuildConfiguration section */
		EC75A9C6201DF84100F26204 /* Debug */ = {
			isa = XCBuildConfiguration;
			buildSettings = {
				ALWAYS_SEARCH_USER_PATHS = NO;
				CLANG_ANALYZER_NONNULL = YES;
				CLANG_ANALYZER_NUMBER_OBJECT_CONVERSION = YES_AGGRESSIVE;
				CLANG_CXX_LANGUAGE_STANDARD = "gnu++14";
				CLANG_CXX_LIBRARY = "libc++";
				CLANG_ENABLE_MODULES = YES;
				CLANG_ENABLE_OBJC_ARC = YES;
				CLANG_WARN_BLOCK_CAPTURE_AUTORELEASING = YES;
				CLANG_WARN_BOOL_CONVERSION = YES;
				CLANG_WARN_COMMA = YES;
				CLANG_WARN_CONSTANT_CONVERSION = YES;
				CLANG_WARN_DIRECT_OBJC_ISA_USAGE = YES_ERROR;
				CLANG_WARN_DOCUMENTATION_COMMENTS = YES;
				CLANG_WARN_EMPTY_BODY = YES;
				CLANG_WARN_ENUM_CONVERSION = YES;
				CLANG_WARN_INFINITE_RECURSION = YES;
				CLANG_WARN_INT_CONVERSION = YES;
				CLANG_WARN_NON_LITERAL_NULL_CONVERSION = YES;
				CLANG_WARN_OBJC_LITERAL_CONVERSION = YES;
				CLANG_WARN_OBJC_ROOT_CLASS = YES_ERROR;
				CLANG_WARN_RANGE_LOOP_ANALYSIS = YES;
				CLANG_WARN_STRICT_PROTOTYPES = YES;
				CLANG_WARN_SUSPICIOUS_MOVE = YES;
				CLANG_WARN_UNGUARDED_AVAILABILITY = YES_AGGRESSIVE;
				CLANG_WARN_UNREACHABLE_CODE = YES;
				CLANG_WARN__DUPLICATE_METHOD_MATCH = YES;
				CODE_SIGN_IDENTITY = "iPhone Developer";
				COPY_PHASE_STRIP = NO;
				DEBUG_INFORMATION_FORMAT = dwarf;
				ENABLE_STRICT_OBJC_MSGSEND = YES;
				ENABLE_TESTABILITY = YES;
				GCC_C_LANGUAGE_STANDARD = gnu11;
				GCC_DYNAMIC_NO_PIC = NO;
				GCC_NO_COMMON_BLOCKS = YES;
				GCC_OPTIMIZATION_LEVEL = 0;
				GCC_PREPROCESSOR_DEFINITIONS = (
					"DEBUG=1",
					"$(inherited)",
				);
				GCC_WARN_64_TO_32_BIT_CONVERSION = YES;
				GCC_WARN_ABOUT_RETURN_TYPE = YES_ERROR;
				GCC_WARN_UNDECLARED_SELECTOR = YES;
				GCC_WARN_UNINITIALIZED_AUTOS = YES_AGGRESSIVE;
				GCC_WARN_UNUSED_FUNCTION = YES;
				GCC_WARN_UNUSED_VARIABLE = YES;
				IPHONEOS_DEPLOYMENT_TARGET = 11.2;
				MTL_ENABLE_DEBUG_INFO = YES;
				ONLY_ACTIVE_ARCH = YES;
				SDKROOT = iphoneos;
				SWIFT_ACTIVE_COMPILATION_CONDITIONS = DEBUG;
				SWIFT_OPTIMIZATION_LEVEL = "-Onone";
			};
			name = Debug;
		};
		EC75A9C7201DF84100F26204 /* Release */ = {
			isa = XCBuildConfiguration;
			buildSettings = {
				ALWAYS_SEARCH_USER_PATHS = NO;
				CLANG_ANALYZER_NONNULL = YES;
				CLANG_ANALYZER_NUMBER_OBJECT_CONVERSION = YES_AGGRESSIVE;
				CLANG_CXX_LANGUAGE_STANDARD = "gnu++14";
				CLANG_CXX_LIBRARY = "libc++";
				CLANG_ENABLE_MODULES = YES;
				CLANG_ENABLE_OBJC_ARC = YES;
				CLANG_WARN_BLOCK_CAPTURE_AUTORELEASING = YES;
				CLANG_WARN_BOOL_CONVERSION = YES;
				CLANG_WARN_COMMA = YES;
				CLANG_WARN_CONSTANT_CONVERSION = YES;
				CLANG_WARN_DIRECT_OBJC_ISA_USAGE = YES_ERROR;
				CLANG_WARN_DOCUMENTATION_COMMENTS = YES;
				CLANG_WARN_EMPTY_BODY = YES;
				CLANG_WARN_ENUM_CONVERSION = YES;
				CLANG_WARN_INFINITE_RECURSION = YES;
				CLANG_WARN_INT_CONVERSION = YES;
				CLANG_WARN_NON_LITERAL_NULL_CONVERSION = YES;
				CLANG_WARN_OBJC_LITERAL_CONVERSION = YES;
				CLANG_WARN_OBJC_ROOT_CLASS = YES_ERROR;
				CLANG_WARN_RANGE_LOOP_ANALYSIS = YES;
				CLANG_WARN_STRICT_PROTOTYPES = YES;
				CLANG_WARN_SUSPICIOUS_MOVE = YES;
				CLANG_WARN_UNGUARDED_AVAILABILITY = YES_AGGRESSIVE;
				CLANG_WARN_UNREACHABLE_CODE = YES;
				CLANG_WARN__DUPLICATE_METHOD_MATCH = YES;
				CODE_SIGN_IDENTITY = "iPhone Developer";
				COPY_PHASE_STRIP = NO;
				DEBUG_INFORMATION_FORMAT = "dwarf-with-dsym";
				ENABLE_NS_ASSERTIONS = NO;
				ENABLE_STRICT_OBJC_MSGSEND = YES;
				GCC_C_LANGUAGE_STANDARD = gnu11;
				GCC_NO_COMMON_BLOCKS = YES;
				GCC_WARN_64_TO_32_BIT_CONVERSION = YES;
				GCC_WARN_ABOUT_RETURN_TYPE = YES_ERROR;
				GCC_WARN_UNDECLARED_SELECTOR = YES;
				GCC_WARN_UNINITIALIZED_AUTOS = YES_AGGRESSIVE;
				GCC_WARN_UNUSED_FUNCTION = YES;
				GCC_WARN_UNUSED_VARIABLE = YES;
				IPHONEOS_DEPLOYMENT_TARGET = 11.2;
				MTL_ENABLE_DEBUG_INFO = NO;
				SDKROOT = iphoneos;
				SWIFT_OPTIMIZATION_LEVEL = "-Owholemodule";
				VALIDATE_PRODUCT = YES;
			};
			name = Release;
		};
		EC75A9C9201DF84100F26204 /* Debug */ = {
			isa = XCBuildConfiguration;
			baseConfigurationReference = C296D2632397210B3757C889 /* Pods-ClimaX.debug.xcconfig */;
			buildSettings = {
				ASSETCATALOG_COMPILER_APPICON_NAME = AppIcon;
				CODE_SIGN_STYLE = Automatic;
				DEVELOPMENT_TEAM = RDTR6557FX;
				INFOPLIST_FILE = ClimaX/Info.plist;
				LD_RUNPATH_SEARCH_PATHS = "$(inherited) @executable_path/Frameworks";
				PRODUCT_BUNDLE_IDENTIFIER = com.bruno.ClimaX;
				PRODUCT_NAME = "$(TARGET_NAME)";
				SWIFT_VERSION = 4.0;
				TARGETED_DEVICE_FAMILY = 1;
			};
			name = Debug;
		};
		EC75A9CA201DF84100F26204 /* Release */ = {
			isa = XCBuildConfiguration;
			baseConfigurationReference = 8D84EEC600CF0DB03D973446 /* Pods-ClimaX.release.xcconfig */;
			buildSettings = {
				ASSETCATALOG_COMPILER_APPICON_NAME = AppIcon;
				CODE_SIGN_STYLE = Automatic;
				DEVELOPMENT_TEAM = RDTR6557FX;
				INFOPLIST_FILE = ClimaX/Info.plist;
				LD_RUNPATH_SEARCH_PATHS = "$(inherited) @executable_path/Frameworks";
				PRODUCT_BUNDLE_IDENTIFIER = com.bruno.ClimaX;
				PRODUCT_NAME = "$(TARGET_NAME)";
				SWIFT_VERSION = 4.0;
				TARGETED_DEVICE_FAMILY = 1;
			};
			name = Release;
		};
/* End XCBuildConfiguration section */

/* Begin XCConfigurationList section */
		EC75A9AE201DF84100F26204 /* Build configuration list for PBXProject "ClimaX" */ = {
			isa = XCConfigurationList;
			buildConfigurations = (
				EC75A9C6201DF84100F26204 /* Debug */,
				EC75A9C7201DF84100F26204 /* Release */,
			);
			defaultConfigurationIsVisible = 0;
			defaultConfigurationName = Release;
		};
		EC75A9C8201DF84100F26204 /* Build configuration list for PBXNativeTarget "ClimaX" */ = {
			isa = XCConfigurationList;
			buildConfigurations = (
				EC75A9C9201DF84100F26204 /* Debug */,
				EC75A9CA201DF84100F26204 /* Release */,
			);
			defaultConfigurationIsVisible = 0;
			defaultConfigurationName = Release;
		};
/* End XCConfigurationList section */

/* Begin XCVersionGroup section */
		EC75A9BD201DF84100F26204 /* ClimaX.xcdatamodeld */ = {
			isa = XCVersionGroup;
			children = (
				EC75A9BE201DF84100F26204 /* ClimaX.xcdatamodel */,
			);
			currentVersion = EC75A9BE201DF84100F26204 /* ClimaX.xcdatamodel */;
			path = ClimaX.xcdatamodeld;
			sourceTree = "<group>";
			versionGroupType = wrapper.xcdatamodel;
		};
/* End XCVersionGroup section */
	};
	rootObject = EC75A9AB201DF84100F26204 /* Project object */;
}
